// !$*UTF8*$!
{
	archiveVersion = 1;
	classes = {
	};
	objectVersion = 46;
	objects = {

/* Begin PBXBuildFile section */
		EE729E6F1F3F8A1E004E8443 /* AppDelegate.swift in Sources */ = {isa = PBXBuildFile; fileRef = EE729E6E1F3F8A1E004E8443 /* AppDelegate.swift */; };
		EE729E711F3F8A1E004E8443 /* ViewController.swift in Sources */ = {isa = PBXBuildFile; fileRef = EE729E701F3F8A1E004E8443 /* ViewController.swift */; };
		EE729E741F3F8A1E004E8443 /* Main.storyboard in Resources */ = {isa = PBXBuildFile; fileRef = EE729E721F3F8A1E004E8443 /* Main.storyboard */; };
		EE729E761F3F8A1F004E8443 /* Assets.xcassets in Resources */ = {isa = PBXBuildFile; fileRef = EE729E751F3F8A1F004E8443 /* Assets.xcassets */; };
		EE729E791F3F8A1F004E8443 /* LaunchScreen.storyboard in Resources */ = {isa = PBXBuildFile; fileRef = EE729E771F3F8A1F004E8443 /* LaunchScreen.storyboard */; };
		EE729E901F3F8A5C004E8443 /* AppDelegate.swift in Sources */ = {isa = PBXBuildFile; fileRef = EE729E801F3F8A5C004E8443 /* AppDelegate.swift */; };
		EE729E911F3F8A5C004E8443 /* AppIcon.appiconset in Resources */ = {isa = PBXBuildFile; fileRef = EE729E811F3F8A5C004E8443 /* AppIcon.appiconset */; };
		EE729E921F3F8A5C004E8443 /* Assets.xcassets in Resources */ = {isa = PBXBuildFile; fileRef = EE729E821F3F8A5C004E8443 /* Assets.xcassets */; };
		EE729E931F3F8A5C004E8443 /* Base.lproj in Resources */ = {isa = PBXBuildFile; fileRef = EE729E831F3F8A5C004E8443 /* Base.lproj */; };
		EE729E941F3F8A5C004E8443 /* FeedViewController.swift in Sources */ = {isa = PBXBuildFile; fileRef = EE729E841F3F8A5C004E8443 /* FeedViewController.swift */; };
		EE729E951F3F8A5C004E8443 /* GoogleService-Info.plist in Resources */ = {isa = PBXBuildFile; fileRef = EE729E851F3F8A5C004E8443 /* GoogleService-Info.plist */; };
		EE729E961F3F8A5C004E8443 /* Info.plist in Resources */ = {isa = PBXBuildFile; fileRef = EE729E861F3F8A5C004E8443 /* Info.plist */; };
		EE729E971F3F8A5C004E8443 /* LoginViewController.swift in Sources */ = {isa = PBXBuildFile; fileRef = EE729E871F3F8A5C004E8443 /* LoginViewController.swift */; };
		EE729E981F3F8A5C004E8443 /* Post.swift in Sources */ = {isa = PBXBuildFile; fileRef = EE729E881F3F8A5C004E8443 /* Post.swift */; };
		EE729E991F3F8A5C004E8443 /* PostCell.swift in Sources */ = {isa = PBXBuildFile; fileRef = EE729E891F3F8A5C004E8443 /* PostCell.swift */; };
		EE729E9A1F3F8A5C004E8443 /* SignupViewController.swift in Sources */ = {isa = PBXBuildFile; fileRef = EE729E8A1F3F8A5C004E8443 /* SignupViewController.swift */; };
		EE729E9B1F3F8A5C004E8443 /* UploadViewController.swift in Sources */ = {isa = PBXBuildFile; fileRef = EE729E8B1F3F8A5C004E8443 /* UploadViewController.swift */; };
		EE729E9C1F3F8A5C004E8443 /* User.swift in Sources */ = {isa = PBXBuildFile; fileRef = EE729E8C1F3F8A5C004E8443 /* User.swift */; };
		EE729E9D1F3F8A5C004E8443 /* UserCell.swift in Sources */ = {isa = PBXBuildFile; fileRef = EE729E8D1F3F8A5C004E8443 /* UserCell.swift */; };
		EE729E9E1F3F8A5C004E8443 /* UsersViewController.swift in Sources */ = {isa = PBXBuildFile; fileRef = EE729E8E1F3F8A5C004E8443 /* UsersViewController.swift */; };
		EE729E9F1F3F8A5C004E8443 /* ViewController.swift in Sources */ = {isa = PBXBuildFile; fileRef = EE729E8F1F3F8A5C004E8443 /* ViewController.swift */; };
/* End PBXBuildFile section */

/* Begin PBXFileReference section */
		EE729E6B1F3F8A1E004E8443 /* ThisOrThatFINAL.app */ = {isa = PBXFileReference; explicitFileType = wrapper.application; includeInIndex = 0; path = ThisOrThatFINAL.app; sourceTree = BUILT_PRODUCTS_DIR; };
		EE729E6E1F3F8A1E004E8443 /* AppDelegate.swift */ = {isa = PBXFileReference; lastKnownFileType = sourcecode.swift; path = AppDelegate.swift; sourceTree = "<group>"; };
		EE729E701F3F8A1E004E8443 /* ViewController.swift */ = {isa = PBXFileReference; lastKnownFileType = sourcecode.swift; path = ViewController.swift; sourceTree = "<group>"; };
		EE729E731F3F8A1E004E8443 /* Base */ = {isa = PBXFileReference; lastKnownFileType = file.storyboard; name = Base; path = Base.lproj/Main.storyboard; sourceTree = "<group>"; };
		EE729E751F3F8A1F004E8443 /* Assets.xcassets */ = {isa = PBXFileReference; lastKnownFileType = folder.assetcatalog; path = Assets.xcassets; sourceTree = "<group>"; };
		EE729E781F3F8A1F004E8443 /* Base */ = {isa = PBXFileReference; lastKnownFileType = file.storyboard; name = Base; path = Base.lproj/LaunchScreen.storyboard; sourceTree = "<group>"; };
		EE729E7A1F3F8A1F004E8443 /* Info.plist */ = {isa = PBXFileReference; lastKnownFileType = text.plist.xml; path = Info.plist; sourceTree = "<group>"; };
		EE729E801F3F8A5C004E8443 /* AppDelegate.swift */ = {isa = PBXFileReference; fileEncoding = 4; lastKnownFileType = sourcecode.swift; name = AppDelegate.swift; path = "../../InstagramLike-4/InstagramLike/AppDelegate.swift"; sourceTree = "<group>"; };
		EE729E811F3F8A5C004E8443 /* AppIcon.appiconset */ = {isa = PBXFileReference; lastKnownFileType = folder; name = AppIcon.appiconset; path = "../../InstagramLike-4/InstagramLike/AppIcon.appiconset"; sourceTree = "<group>"; };
		EE729E821F3F8A5C004E8443 /* Assets.xcassets */ = {isa = PBXFileReference; lastKnownFileType = folder.assetcatalog; name = Assets.xcassets; path = "../../InstagramLike-4/InstagramLike/Assets.xcassets"; sourceTree = "<group>"; };
		EE729E831F3F8A5C004E8443 /* Base.lproj */ = {isa = PBXFileReference; lastKnownFileType = folder; name = Base.lproj; path = "../../InstagramLike-4/InstagramLike/Base.lproj"; sourceTree = "<group>"; };
		EE729E841F3F8A5C004E8443 /* FeedViewController.swift */ = {isa = PBXFileReference; fileEncoding = 4; lastKnownFileType = sourcecode.swift; name = FeedViewController.swift; path = "../../InstagramLike-4/InstagramLike/FeedViewController.swift"; sourceTree = "<group>"; };
		EE729E851F3F8A5C004E8443 /* GoogleService-Info.plist */ = {isa = PBXFileReference; fileEncoding = 4; lastKnownFileType = text.plist.xml; name = "GoogleService-Info.plist"; path = "../../InstagramLike-4/InstagramLike/GoogleService-Info.plist"; sourceTree = "<group>"; };
		EE729E861F3F8A5C004E8443 /* Info.plist */ = {isa = PBXFileReference; fileEncoding = 4; lastKnownFileType = text.plist.xml; name = Info.plist; path = "../../InstagramLike-4/InstagramLike/Info.plist"; sourceTree = "<group>"; };
		EE729E871F3F8A5C004E8443 /* LoginViewController.swift */ = {isa = PBXFileReference; fileEncoding = 4; lastKnownFileType = sourcecode.swift; name = LoginViewController.swift; path = "../../InstagramLike-4/InstagramLike/LoginViewController.swift"; sourceTree = "<group>"; };
		EE729E881F3F8A5C004E8443 /* Post.swift */ = {isa = PBXFileReference; fileEncoding = 4; lastKnownFileType = sourcecode.swift; name = Post.swift; path = "../../InstagramLike-4/InstagramLike/Post.swift"; sourceTree = "<group>"; };
		EE729E891F3F8A5C004E8443 /* PostCell.swift */ = {isa = PBXFileReference; fileEncoding = 4; lastKnownFileType = sourcecode.swift; name = PostCell.swift; path = "../../InstagramLike-4/InstagramLike/PostCell.swift"; sourceTree = "<group>"; };
		EE729E8A1F3F8A5C004E8443 /* SignupViewController.swift */ = {isa = PBXFileReference; fileEncoding = 4; lastKnownFileType = sourcecode.swift; name = SignupViewController.swift; path = "../../InstagramLike-4/InstagramLike/SignupViewController.swift"; sourceTree = "<group>"; };
		EE729E8B1F3F8A5C004E8443 /* UploadViewController.swift */ = {isa = PBXFileReference; fileEncoding = 4; lastKnownFileType = sourcecode.swift; name = UploadViewController.swift; path = "../../InstagramLike-4/InstagramLike/UploadViewController.swift"; sourceTree = "<group>"; };
		EE729E8C1F3F8A5C004E8443 /* User.swift */ = {isa = PBXFileReference; fileEncoding = 4; lastKnownFileType = sourcecode.swift; name = User.swift; path = "../../InstagramLike-4/InstagramLike/User.swift"; sourceTree = "<group>"; };
		EE729E8D1F3F8A5C004E8443 /* UserCell.swift */ = {isa = PBXFileReference; fileEncoding = 4; lastKnownFileType = sourcecode.swift; name = UserCell.swift; path = "../../InstagramLike-4/InstagramLike/UserCell.swift"; sourceTree = "<group>"; };
		EE729E8E1F3F8A5C004E8443 /* UsersViewController.swift */ = {isa = PBXFileReference; fileEncoding = 4; lastKnownFileType = sourcecode.swift; name = UsersViewController.swift; path = "../../InstagramLike-4/InstagramLike/UsersViewController.swift"; sourceTree = "<group>"; };
		EE729E8F1F3F8A5C004E8443 /* ViewController.swift */ = {isa = PBXFileReference; fileEncoding = 4; lastKnownFileType = sourcecode.swift; name = ViewController.swift; path = "../../InstagramLike-4/InstagramLike/ViewController.swift"; sourceTree = "<group>"; };
/* End PBXFileReference section */

/* Begin PBXFrameworksBuildPhase section */
		EE729E681F3F8A1D004E8443 /* Frameworks */ = {
			isa = PBXFrameworksBuildPhase;
			buildActionMask = 2147483647;
			files = (
			);
			runOnlyForDeploymentPostprocessing = 0;
		};
/* End PBXFrameworksBuildPhase section */

/* Begin PBXGroup section */
		EE729E621F3F8A1C004E8443 = {
			isa = PBXGroup;
			children = (
				EE729E6D1F3F8A1E004E8443 /* ThisOrThatFINAL */,
				EE729E6C1F3F8A1E004E8443 /* Products */,
			);
			sourceTree = "<group>";
		};
		EE729E6C1F3F8A1E004E8443 /* Products */ = {
			isa = PBXGroup;
			children = (
				EE729E6B1F3F8A1E004E8443 /* ThisOrThatFINAL.app */,
			);
			name = Products;
			sourceTree = "<group>";
		};
		EE729E6D1F3F8A1E004E8443 /* ThisOrThatFINAL */ = {
			isa = PBXGroup;
			children = (
				EE729E6E1F3F8A1E004E8443 /* AppDelegate.swift */,
				EE729E701F3F8A1E004E8443 /* ViewController.swift */,
				EE729E721F3F8A1E004E8443 /* Main.storyboard */,
				EE729E751F3F8A1F004E8443 /* Assets.xcassets */,
				EE729E771F3F8A1F004E8443 /* LaunchScreen.storyboard */,
				EE729E801F3F8A5C004E8443 /* AppDelegate.swift */,
				EE729E811F3F8A5C004E8443 /* AppIcon.appiconset */,
				EE729E821F3F8A5C004E8443 /* Assets.xcassets */,
				EE729E831F3F8A5C004E8443 /* Base.lproj */,
				EE729E841F3F8A5C004E8443 /* FeedViewController.swift */,
				EE729E851F3F8A5C004E8443 /* GoogleService-Info.plist */,
				EE729E861F3F8A5C004E8443 /* Info.plist */,
				EE729E871F3F8A5C004E8443 /* LoginViewController.swift */,
				EE729E881F3F8A5C004E8443 /* Post.swift */,
				EE729E891F3F8A5C004E8443 /* PostCell.swift */,
				EE729E8A1F3F8A5C004E8443 /* SignupViewController.swift */,
				EE729E8B1F3F8A5C004E8443 /* UploadViewController.swift */,
				EE729E8C1F3F8A5C004E8443 /* User.swift */,
				EE729E8D1F3F8A5C004E8443 /* UserCell.swift */,
				EE729E8E1F3F8A5C004E8443 /* UsersViewController.swift */,
				EE729E8F1F3F8A5C004E8443 /* ViewController.swift */,
				EE729E7A1F3F8A1F004E8443 /* Info.plist */,
			);
			path = ThisOrThatFINAL;
			sourceTree = "<group>";
		};
/* End PBXGroup section */

/* Begin PBXNativeTarget section */
		EE729E6A1F3F8A1D004E8443 /* ThisOrThatFINAL */ = {
			isa = PBXNativeTarget;
			buildConfigurationList = EE729E7D1F3F8A1F004E8443 /* Build configuration list for PBXNativeTarget "ThisOrThatFINAL" */;
			buildPhases = (
				EE729E671F3F8A1D004E8443 /* Sources */,
				EE729E681F3F8A1D004E8443 /* Frameworks */,
				EE729E691F3F8A1D004E8443 /* Resources */,
			);
			buildRules = (
			);
			dependencies = (
			);
			name = ThisOrThatFINAL;
			productName = ThisOrThatFINAL;
			productReference = EE729E6B1F3F8A1E004E8443 /* ThisOrThatFINAL.app */;
			productType = "com.apple.product-type.application";
		};
/* End PBXNativeTarget section */

/* Begin PBXProject section */
		EE729E631F3F8A1C004E8443 /* Project object */ = {
			isa = PBXProject;
			attributes = {
				LastSwiftUpdateCheck = 0830;
				LastUpgradeCheck = 0830;
				ORGANIZATIONNAME = "Priyanka Musti";
				TargetAttributes = {
					EE729E6A1F3F8A1D004E8443 = {
						CreatedOnToolsVersion = 8.3.3;
						DevelopmentTeam = XQ6P77LAXS;
						ProvisioningStyle = Automatic;
					};
				};
			};
			buildConfigurationList = EE729E661F3F8A1D004E8443 /* Build configuration list for PBXProject "ThisOrThatFINAL" */;
			compatibilityVersion = "Xcode 3.2";
			developmentRegion = English;
			hasScannedForEncodings = 0;
			knownRegions = (
				en,
				Base,
			);
			mainGroup = EE729E621F3F8A1C004E8443;
			productRefGroup = EE729E6C1F3F8A1E004E8443 /* Products */;
			projectDirPath = "";
			projectRoot = "";
			targets = (
				EE729E6A1F3F8A1D004E8443 /* ThisOrThatFINAL */,
			);
		};
/* End PBXProject section */

/* Begin PBXResourcesBuildPhase section */
		EE729E691F3F8A1D004E8443 /* Resources */ = {
			isa = PBXResourcesBuildPhase;
			buildActionMask = 2147483647;
			files = (
				EE729E961F3F8A5C004E8443 /* Info.plist in Resources */,
				EE729E911F3F8A5C004E8443 /* AppIcon.appiconset in Resources */,
				EE729E791F3F8A1F004E8443 /* LaunchScreen.storyboard in Resources */,
				EE729E761F3F8A1F004E8443 /* Assets.xcassets in Resources */,
				EE729E741F3F8A1E004E8443 /* Main.storyboard in Resources */,
				EE729E931F3F8A5C004E8443 /* Base.lproj in Resources */,
				EE729E921F3F8A5C004E8443 /* Assets.xcassets in Resources */,
				EE729E951F3F8A5C004E8443 /* GoogleService-Info.plist in Resources */,
			);
			runOnlyForDeploymentPostprocessing = 0;
		};
/* End PBXResourcesBuildPhase section */

/* Begin PBXSourcesBuildPhase section */
		EE729E671F3F8A1D004E8443 /* Sources */ = {
			isa = PBXSourcesBuildPhase;
			buildActionMask = 2147483647;
			files = (
				EE729E991F3F8A5C004E8443 /* PostCell.swift in Sources */,
				EE729E9E1F3F8A5C004E8443 /* UsersViewController.swift in Sources */,
				EE729E901F3F8A5C004E8443 /* AppDelegate.swift in Sources */,
				EE729E9A1F3F8A5C004E8443 /* SignupViewController.swift in Sources */,
				EE729E711F3F8A1E004E8443 /* ViewController.swift in Sources */,
				EE729E9B1F3F8A5C004E8443 /* UploadViewController.swift in Sources */,
				EE729E941F3F8A5C004E8443 /* FeedViewController.swift in Sources */,
				EE729E981F3F8A5C004E8443 /* Post.swift in Sources */,
				EE729E9F1F3F8A5C004E8443 /* ViewController.swift in Sources */,
				EE729E971F3F8A5C004E8443 /* LoginViewController.swift in Sources */,
				EE729E9C1F3F8A5C004E8443 /* User.swift in Sources */,
				EE729E9D1F3F8A5C004E8443 /* UserCell.swift in Sources */,
				EE729E6F1F3F8A1E004E8443 /* AppDelegate.swift in Sources */,
			);
			runOnlyForDeploymentPostprocessing = 0;
		};
/* End PBXSourcesBuildPhase section */

/* Begin PBXVariantGroup section */
		EE729E721F3F8A1E004E8443 /* Main.storyboard */ = {
			isa = PBXVariantGroup;
			children = (
				EE729E731F3F8A1E004E8443 /* Base */,
			);
			name = Main.storyboard;
			sourceTree = "<group>";
		};
		EE729E771F3F8A1F004E8443 /* LaunchScreen.storyboard */ = {
			isa = PBXVariantGroup;
			children = (
				EE729E781F3F8A1F004E8443 /* Base */,
			);
			name = LaunchScreen.storyboard;
			sourceTree = "<group>";
		};
/* End PBXVariantGroup section */

/* Begin XCBuildConfiguration section */
		EE729E7B1F3F8A1F004E8443 /* Debug */ = {
			isa = XCBuildConfiguration;
			buildSettings = {
				ALWAYS_SEARCH_USER_PATHS = NO;
				CLANG_ANALYZER_NONNULL = YES;
				CLANG_ANALYZER_NUMBER_OBJECT_CONVERSION = YES_AGGRESSIVE;
				CLANG_CXX_LANGUAGE_STANDARD = "gnu++0x";
				CLANG_CXX_LIBRARY = "libc++";
				CLANG_ENABLE_MODULES = YES;
				CLANG_ENABLE_OBJC_ARC = YES;
				CLANG_WARN_BOOL_CONVERSION = YES;
				CLANG_WARN_CONSTANT_CONVERSION = YES;
				CLANG_WARN_DIRECT_OBJC_ISA_USAGE = YES_ERROR;
				CLANG_WARN_DOCUMENTATION_COMMENTS = YES;
				CLANG_WARN_EMPTY_BODY = YES;
				CLANG_WARN_ENUM_CONVERSION = YES;
				CLANG_WARN_INFINITE_RECURSION = YES;
				CLANG_WARN_INT_CONVERSION = YES;
				CLANG_WARN_OBJC_ROOT_CLASS = YES_ERROR;
				CLANG_WARN_SUSPICIOUS_MOVE = YES;
				CLANG_WARN_UNREACHABLE_CODE = YES;
				CLANG_WARN__DUPLICATE_METHOD_MATCH = YES;
				"CODE_SIGN_IDENTITY[sdk=iphoneos*]" = "iPhone Developer";
				COPY_PHASE_STRIP = NO;
				DEBUG_INFORMATION_FORMAT = dwarf;
				ENABLE_STRICT_OBJC_MSGSEND = YES;
				ENABLE_TESTABILITY = YES;
				GCC_C_LANGUAGE_STANDARD = gnu99;
				GCC_DYNAMIC_NO_PIC = NO;
				GCC_NO_COMMON_BLOCKS = YES;
				GCC_OPTIMIZATION_LEVEL = 0;
				GCC_PREPROCESSOR_DEFINITIONS = (
					"DEBUG=1",
					"$(inherited)",
				);
				GCC_WARN_64_TO_32_BIT_CONVERSION = YES;
				GCC_WARN_ABOUT_RETURN_TYPE = YES_ERROR;
				GCC_WARN_UNDECLARED_SELECTOR = YES;
				GCC_WARN_UNINITIALIZED_AUTOS = YES_AGGRESSIVE;
				GCC_WARN_UNUSED_FUNCTION = YES;
				GCC_WARN_UNUSED_VARIABLE = YES;
				IPHONEOS_DEPLOYMENT_TARGET = 10.3;
				MTL_ENABLE_DEBUG_INFO = YES;
				ONLY_ACTIVE_ARCH = YES;
				SDKROOT = iphoneos;
				SWIFT_ACTIVE_COMPILATION_CONDITIONS = DEBUG;
				SWIFT_OPTIMIZATION_LEVEL = "-Onone";
			};
			name = Debug;
		};
		EE729E7C1F3F8A1F004E8443 /* Release */ = {
			isa = XCBuildConfiguration;
			buildSettings = {
				ALWAYS_SEARCH_USER_PATHS = NO;
				CLANG_ANALYZER_NONNULL = YES;
				CLANG_ANALYZER_NUMBER_OBJECT_CONVERSION = YES_AGGRESSIVE;
				CLANG_CXX_LANGUAGE_STANDARD = "gnu++0x";
				CLANG_CXX_LIBRARY = "libc++";
				CLANG_ENABLE_MODULES = YES;
				CLANG_ENABLE_OBJC_ARC = YES;
				CLANG_WARN_BOOL_CONVERSION = YES;
				CLANG_WARN_CONSTANT_CONVERSION = YES;
				CLANG_WARN_DIRECT_OBJC_ISA_USAGE = YES_ERROR;
				CLANG_WARN_DOCUMENTATION_COMMENTS = YES;
				CLANG_WARN_EMPTY_BODY = YES;
				CLANG_WARN_ENUM_CONVERSION = YES;
				CLANG_WARN_INFINITE_RECURSION = YES;
				CLANG_WARN_INT_CONVERSION = YES;
				CLANG_WARN_OBJC_ROOT_CLASS = YES_ERROR;
				CLANG_WARN_SUSPICIOUS_MOVE = YES;
				CLANG_WARN_UNREACHABLE_CODE = YES;
				CLANG_WARN__DUPLICATE_METHOD_MATCH = YES;
				"CODE_SIGN_IDENTITY[sdk=iphoneos*]" = "iPhone Developer";
				COPY_PHASE_STRIP = NO;
				DEBUG_INFORMATION_FORMAT = "dwarf-with-dsym";
				ENABLE_NS_ASSERTIONS = NO;
				ENABLE_STRICT_OBJC_MSGSEND = YES;
				GCC_C_LANGUAGE_STANDARD = gnu99;
				GCC_NO_COMMON_BLOCKS = YES;
				GCC_WARN_64_TO_32_BIT_CONVERSION = YES;
				GCC_WARN_ABOUT_RETURN_TYPE = YES_ERROR;
				GCC_WARN_UNDECLARED_SELECTOR = YES;
				GCC_WARN_UNINITIALIZED_AUTOS = YES_AGGRESSIVE;
				GCC_WARN_UNUSED_FUNCTION = YES;
				GCC_WARN_UNUSED_VARIABLE = YES;
				IPHONEOS_DEPLOYMENT_TARGET = 10.3;
				MTL_ENABLE_DEBUG_INFO = NO;
				SDKROOT = iphoneos;
				SWIFT_OPTIMIZATION_LEVEL = "-Owholemodule";
				VALIDATE_PRODUCT = YES;
			};
			name = Release;
		};
		EE729E7E1F3F8A1F004E8443 /* Debug */ = {
			isa = XCBuildConfiguration;
			buildSettings = {
				ASSETCATALOG_COMPILER_APPICON_NAME = AppIcon;
				DEVELOPMENT_TEAM = XQ6P77LAXS;
				INFOPLIST_FILE = ThisOrThatFINAL/Info.plist;
				LD_RUNPATH_SEARCH_PATHS = "$(inherited) @executable_path/Frameworks";
				PRODUCT_BUNDLE_IDENTIFIER = com.priyankamusti.ThisOrThatFINAL;
				PRODUCT_NAME = "$(TARGET_NAME)";
				SWIFT_VERSION = 3.0;
			};
			name = Debug;
		};
		EE729E7F1F3F8A1F004E8443 /* Release */ = {
			isa = XCBuildConfiguration;
			buildSettings = {
				ASSETCATALOG_COMPILER_APPICON_NAME = AppIcon;
				DEVELOPMENT_TEAM = XQ6P77LAXS;
				INFOPLIST_FILE = ThisOrThatFINAL/Info.plist;
				LD_RUNPATH_SEARCH_PATHS = "$(inherited) @executable_path/Frameworks";
				PRODUCT_BUNDLE_IDENTIFIER = com.priyankamusti.ThisOrThatFINAL;
				PRODUCT_NAME = "$(TARGET_NAME)";
				SWIFT_VERSION = 3.0;
			};
			name = Release;
		};
/* End XCBuildConfiguration section */

/* Begin XCConfigurationList section */
		EE729E661F3F8A1D004E8443 /* Build configuration list for PBXProject "ThisOrThatFINAL" */ = {
			isa = XCConfigurationList;
			buildConfigurations = (
				EE729E7B1F3F8A1F004E8443 /* Debug */,
				EE729E7C1F3F8A1F004E8443 /* Release */,
			);
			defaultConfigurationIsVisible = 0;
			defaultConfigurationName = Release;
		};
		EE729E7D1F3F8A1F004E8443 /* Build configuration list for PBXNativeTarget "ThisOrThatFINAL" */ = {
			isa = XCConfigurationList;
			buildConfigurations = (
				EE729E7E1F3F8A1F004E8443 /* Debug */,
				EE729E7F1F3F8A1F004E8443 /* Release */,
			);
			defaultConfigurationIsVisible = 0;
		};
/* End XCConfigurationList section */
	};
	rootObject = EE729E631F3F8A1C004E8443 /* Project object */;
}
